// !$*UTF8*$!
{
	archiveVersion = 1;
	classes = {
	};
	objectVersion = 56;
	objects = {

/* Begin PBXBuildFile section */
		040BE34A2BDA11D9008BEFB5 /* CategoryHome.swift in Sources */ = {isa = PBXBuildFile; fileRef = 040BE3492BDA11D9008BEFB5 /* CategoryHome.swift */; };
		040BE34C2BDA12A2008BEFB5 /* CategoryRow.swift in Sources */ = {isa = PBXBuildFile; fileRef = 040BE34B2BDA12A2008BEFB5 /* CategoryRow.swift */; };
		040BE34E2BDA141D008BEFB5 /* CategoryItem.swift in Sources */ = {isa = PBXBuildFile; fileRef = 040BE34D2BDA141D008BEFB5 /* CategoryItem.swift */; };
		040BE3512BDA1868008BEFB5 /* Profile.swift in Sources */ = {isa = PBXBuildFile; fileRef = 040BE3502BDA1868008BEFB5 /* Profile.swift */; };
		040BE3532BDA18BE008BEFB5 /* ProfileHost.swift in Sources */ = {isa = PBXBuildFile; fileRef = 040BE3522BDA18BE008BEFB5 /* ProfileHost.swift */; };
		040BE3552BDA190F008BEFB5 /* ProfileSummary.swift in Sources */ = {isa = PBXBuildFile; fileRef = 040BE3542BDA190F008BEFB5 /* ProfileSummary.swift */; };
		040BE3572BDA19A8008BEFB5 /* HikeBadge.swift in Sources */ = {isa = PBXBuildFile; fileRef = 040BE3562BDA19A8008BEFB5 /* HikeBadge.swift */; };
		040BE3592BDA1BD0008BEFB5 /* ProfileEditor.swift in Sources */ = {isa = PBXBuildFile; fileRef = 040BE3582BDA1BD0008BEFB5 /* ProfileEditor.swift */; };
		040BE35C2BDA20EE008BEFB5 /* PageViewController.swift in Sources */ = {isa = PBXBuildFile; fileRef = 040BE35B2BDA20EE008BEFB5 /* PageViewController.swift */; };
		040BE35E2BDA2318008BEFB5 /* FeatureCard.swift in Sources */ = {isa = PBXBuildFile; fileRef = 040BE35D2BDA2318008BEFB5 /* FeatureCard.swift */; };
		040BE3602BDA2421008BEFB5 /* PageView.swift in Sources */ = {isa = PBXBuildFile; fileRef = 040BE35F2BDA2420008BEFB5 /* PageView.swift */; };
		040BE3622BDA264A008BEFB5 /* PageControl.swift in Sources */ = {isa = PBXBuildFile; fileRef = 040BE3612BDA264A008BEFB5 /* PageControl.swift */; };
		0431BFC32BDB3B6400089AA4 /* ContentView.swift in Sources */ = {isa = PBXBuildFile; fileRef = 0431BFC22BDB3B6400089AA4 /* ContentView.swift */; };
		0431BFC52BDB3B6600089AA4 /* Assets.xcassets in Resources */ = {isa = PBXBuildFile; fileRef = 0431BFC42BDB3B6600089AA4 /* Assets.xcassets */; };
		0431BFC82BDB3B6600089AA4 /* Preview Assets.xcassets in Resources */ = {isa = PBXBuildFile; fileRef = 0431BFC72BDB3B6600089AA4 /* Preview Assets.xcassets */; };
		0431BFCB2BDB3B6600089AA4 /* WatchLandmarks Watch App.app in Embed Watch Content */ = {isa = PBXBuildFile; fileRef = 0431BFBE2BDB3B6400089AA4 /* WatchLandmarks Watch App.app */; settings = {ATTRIBUTES = (RemoveHeadersOnCopy, ); }; };
		0431BFD02BDB3D0300089AA4 /* hikeData.json in Resources */ = {isa = PBXBuildFile; fileRef = 044C01912BD2209D00F48600 /* hikeData.json */; };
		0431BFD12BDB3D0300089AA4 /* Assets.xcassets in Resources */ = {isa = PBXBuildFile; fileRef = 04E4BEBC2BD0DCA0003BA763 /* Assets.xcassets */; };
		0431BFD22BDB3D0300089AA4 /* landmarkData.json in Resources */ = {isa = PBXBuildFile; fileRef = 044C01722BD1FC4900F48600 /* landmarkData.json */; };
		0431BFD32BDB3D0300089AA4 /* CircleImage.swift in Sources */ = {isa = PBXBuildFile; fileRef = 044C016E2BD1F8D500F48600 /* CircleImage.swift */; };
		0431BFD42BDB3D0300089AA4 /* Landmark.swift in Sources */ = {isa = PBXBuildFile; fileRef = 044C01742BD1FC8600F48600 /* Landmark.swift */; };
		0431BFD52BDB3D0300089AA4 /* MapView.swift in Sources */ = {isa = PBXBuildFile; fileRef = 044C01702BD1F97100F48600 /* MapView.swift */; };
		0431BFD62BDB3D0300089AA4 /* Hike.swift in Sources */ = {isa = PBXBuildFile; fileRef = 044C01932BD220C100F48600 /* Hike.swift */; };
		0431BFD72BDB3D0300089AA4 /* LandmarksApp.swift in Sources */ = {isa = PBXBuildFile; fileRef = 04E4BEB82BD0DC9E003BA763 /* LandmarksApp.swift */; };
		0431BFD82BDB3D0300089AA4 /* LandmarkRow.swift in Sources */ = {isa = PBXBuildFile; fileRef = 044C017C2BD1FED100F48600 /* LandmarkRow.swift */; };
		0431BFD92BDB3D0300089AA4 /* ModelData.swift in Sources */ = {isa = PBXBuildFile; fileRef = 044C01762BD1FDC800F48600 /* ModelData.swift */; };
		0431BFDA2BDB3D0300089AA4 /* Profile.swift in Sources */ = {isa = PBXBuildFile; fileRef = 040BE3502BDA1868008BEFB5 /* Profile.swift */; };
		0431BFDD2BDB3EFF00089AA4 /* LandmarkDetail.swift in Sources */ = {isa = PBXBuildFile; fileRef = 0431BFDC2BDB3EFF00089AA4 /* LandmarkDetail.swift */; };
		0431BFDF2BDB421700089AA4 /* NotificationView.swift in Sources */ = {isa = PBXBuildFile; fileRef = 0431BFDE2BDB421700089AA4 /* NotificationView.swift */; };
		0431BFE12BDB426F00089AA4 /* NotificationController.swift in Sources */ = {isa = PBXBuildFile; fileRef = 0431BFE02BDB426F00089AA4 /* NotificationController.swift */; };
		0431BFEC2BDB44B700089AA4 /* ContentView.swift in Sources */ = {isa = PBXBuildFile; fileRef = 0431BFEB2BDB44B700089AA4 /* ContentView.swift */; };
		0431BFEE2BDB44BA00089AA4 /* Assets.xcassets in Resources */ = {isa = PBXBuildFile; fileRef = 0431BFED2BDB44BA00089AA4 /* Assets.xcassets */; };
		0431BFF12BDB44BA00089AA4 /* Preview Assets.xcassets in Resources */ = {isa = PBXBuildFile; fileRef = 0431BFF02BDB44BA00089AA4 /* Preview Assets.xcassets */; };
		0431BFF62BDB45A000089AA4 /* Profile.swift in Sources */ = {isa = PBXBuildFile; fileRef = 040BE3502BDA1868008BEFB5 /* Profile.swift */; };
		0431BFF72BDB45A000089AA4 /* ModelData.swift in Sources */ = {isa = PBXBuildFile; fileRef = 044C01762BD1FDC800F48600 /* ModelData.swift */; };
		0431BFF82BDB45A000089AA4 /* CircleImage.swift in Sources */ = {isa = PBXBuildFile; fileRef = 044C016E2BD1F8D500F48600 /* CircleImage.swift */; };
		0431BFF92BDB45A000089AA4 /* MapView.swift in Sources */ = {isa = PBXBuildFile; fileRef = 044C01702BD1F97100F48600 /* MapView.swift */; };
		0431BFFA2BDB45A000089AA4 /* Hike.swift in Sources */ = {isa = PBXBuildFile; fileRef = 044C01932BD220C100F48600 /* Hike.swift */; };
		0431BFFB2BDB45A000089AA4 /* Landmark.swift in Sources */ = {isa = PBXBuildFile; fileRef = 044C01742BD1FC8600F48600 /* Landmark.swift */; };
		0431BFFC2BDB45A000089AA4 /* LandmarkList.swift in Sources */ = {isa = PBXBuildFile; fileRef = 044C017E2BD1FF6B00F48600 /* LandmarkList.swift */; };
		0431BFFD2BDB45A000089AA4 /* LandmarkRow.swift in Sources */ = {isa = PBXBuildFile; fileRef = 044C017C2BD1FED100F48600 /* LandmarkRow.swift */; };
		0431BFFE2BDB45A000089AA4 /* FavouriteButton.swift in Sources */ = {isa = PBXBuildFile; fileRef = 044C01822BD2143700F48600 /* FavouriteButton.swift */; };
		0431BFFF2BDB45A000089AA4 /* LandmarksApp.swift in Sources */ = {isa = PBXBuildFile; fileRef = 04E4BEB82BD0DC9E003BA763 /* LandmarksApp.swift */; };
		0431C0002BDB45A000089AA4 /* hikeData.json in Resources */ = {isa = PBXBuildFile; fileRef = 044C01912BD2209D00F48600 /* hikeData.json */; };
		0431C0012BDB45A000089AA4 /* Assets.xcassets in Resources */ = {isa = PBXBuildFile; fileRef = 04E4BEBC2BD0DCA0003BA763 /* Assets.xcassets */; };
		0431C0022BDB45A000089AA4 /* landmarkData.json in Resources */ = {isa = PBXBuildFile; fileRef = 044C01722BD1FC4900F48600 /* landmarkData.json */; };
		0431C0042BDB468C00089AA4 /* LandmarkDetail.swift in Sources */ = {isa = PBXBuildFile; fileRef = 0431C0032BDB468C00089AA4 /* LandmarkDetail.swift */; };
		0431C0062BDB485200089AA4 /* LandmarkList.swift in Sources */ = {isa = PBXBuildFile; fileRef = 0431C0052BDB485200089AA4 /* LandmarkList.swift */; };
		0431C0082BDB4C0900089AA4 /* LandmarkCommands.swift in Sources */ = {isa = PBXBuildFile; fileRef = 0431C0072BDB4C0900089AA4 /* LandmarkCommands.swift */; };
		0431C0092BDB4C0900089AA4 /* LandmarkCommands.swift in Sources */ = {isa = PBXBuildFile; fileRef = 0431C0072BDB4C0900089AA4 /* LandmarkCommands.swift */; };
		0431C00B2BDB4E5A00089AA4 /* LandmarkSettings.swift in Sources */ = {isa = PBXBuildFile; fileRef = 0431C00A2BDB4E5A00089AA4 /* LandmarkSettings.swift */; };
		044C016F2BD1F8D500F48600 /* CircleImage.swift in Sources */ = {isa = PBXBuildFile; fileRef = 044C016E2BD1F8D500F48600 /* CircleImage.swift */; };
		044C01712BD1F97100F48600 /* MapView.swift in Sources */ = {isa = PBXBuildFile; fileRef = 044C01702BD1F97100F48600 /* MapView.swift */; };
		044C01732BD1FC4900F48600 /* landmarkData.json in Resources */ = {isa = PBXBuildFile; fileRef = 044C01722BD1FC4900F48600 /* landmarkData.json */; };
		044C01752BD1FC8600F48600 /* Landmark.swift in Sources */ = {isa = PBXBuildFile; fileRef = 044C01742BD1FC8600F48600 /* Landmark.swift */; };
		044C01772BD1FDC800F48600 /* ModelData.swift in Sources */ = {isa = PBXBuildFile; fileRef = 044C01762BD1FDC800F48600 /* ModelData.swift */; };
		044C017D2BD1FED100F48600 /* LandmarkRow.swift in Sources */ = {isa = PBXBuildFile; fileRef = 044C017C2BD1FED100F48600 /* LandmarkRow.swift */; };
		044C017F2BD1FF6B00F48600 /* LandmarkList.swift in Sources */ = {isa = PBXBuildFile; fileRef = 044C017E2BD1FF6B00F48600 /* LandmarkList.swift */; };
		044C01812BD1FFEF00F48600 /* LandmarkDetail.swift in Sources */ = {isa = PBXBuildFile; fileRef = 044C01802BD1FFEF00F48600 /* LandmarkDetail.swift */; };
		044C01832BD2143700F48600 /* FavouriteButton.swift in Sources */ = {isa = PBXBuildFile; fileRef = 044C01822BD2143700F48600 /* FavouriteButton.swift */; };
		044C01872BD21C6000F48600 /* HexagonParameters.swift in Sources */ = {isa = PBXBuildFile; fileRef = 044C01862BD21C6000F48600 /* HexagonParameters.swift */; };
		044C01892BD21CB200F48600 /* BadgeBackground.swift in Sources */ = {isa = PBXBuildFile; fileRef = 044C01882BD21CB200F48600 /* BadgeBackground.swift */; };
		044C018B2BD21E4700F48600 /* BadgeSymbol.swift in Sources */ = {isa = PBXBuildFile; fileRef = 044C018A2BD21E4700F48600 /* BadgeSymbol.swift */; };
		044C018D2BD21EAB00F48600 /* RotatedBadgeSymbol.swift in Sources */ = {isa = PBXBuildFile; fileRef = 044C018C2BD21EAB00F48600 /* RotatedBadgeSymbol.swift */; };
		044C018F2BD21ED000F48600 /* Badge.swift in Sources */ = {isa = PBXBuildFile; fileRef = 044C018E2BD21ED000F48600 /* Badge.swift */; };
		044C01922BD2209D00F48600 /* hikeData.json in Resources */ = {isa = PBXBuildFile; fileRef = 044C01912BD2209D00F48600 /* hikeData.json */; };
		044C01942BD220C100F48600 /* Hike.swift in Sources */ = {isa = PBXBuildFile; fileRef = 044C01932BD220C100F48600 /* Hike.swift */; };
		044C019A2BD2217C00F48600 /* GraphCapsule.swift in Sources */ = {isa = PBXBuildFile; fileRef = 044C01952BD2217C00F48600 /* GraphCapsule.swift */; };
		044C019B2BD2217C00F48600 /* HikeDetail.swift in Sources */ = {isa = PBXBuildFile; fileRef = 044C01962BD2217C00F48600 /* HikeDetail.swift */; };
		044C019C2BD2217C00F48600 /* HikeGraph.swift in Sources */ = {isa = PBXBuildFile; fileRef = 044C01972BD2217C00F48600 /* HikeGraph.swift */; };
		044C019D2BD2217C00F48600 /* HikeView.swift in Sources */ = {isa = PBXBuildFile; fileRef = 044C01982BD2217C00F48600 /* HikeView.swift */; };
		04E4BEB92BD0DC9E003BA763 /* LandmarksApp.swift in Sources */ = {isa = PBXBuildFile; fileRef = 04E4BEB82BD0DC9E003BA763 /* LandmarksApp.swift */; };
		04E4BEBB2BD0DC9E003BA763 /* ContentView.swift in Sources */ = {isa = PBXBuildFile; fileRef = 04E4BEBA2BD0DC9E003BA763 /* ContentView.swift */; };
		04E4BEBD2BD0DCA0003BA763 /* Assets.xcassets in Resources */ = {isa = PBXBuildFile; fileRef = 04E4BEBC2BD0DCA0003BA763 /* Assets.xcassets */; };
		04E4BEC02BD0DCA0003BA763 /* Preview Assets.xcassets in Resources */ = {isa = PBXBuildFile; fileRef = 04E4BEBF2BD0DCA0003BA763 /* Preview Assets.xcassets */; };
		04E4BECA2BD0DCA0003BA763 /* LandmarksTests.swift in Sources */ = {isa = PBXBuildFile; fileRef = 04E4BEC92BD0DCA0003BA763 /* LandmarksTests.swift */; };
		04E4BED42BD0DCA0003BA763 /* LandmarksUITests.swift in Sources */ = {isa = PBXBuildFile; fileRef = 04E4BED32BD0DCA0003BA763 /* LandmarksUITests.swift */; };
		04E4BED62BD0DCA0003BA763 /* LandmarksUITestsLaunchTests.swift in Sources */ = {isa = PBXBuildFile; fileRef = 04E4BED52BD0DCA0003BA763 /* LandmarksUITestsLaunchTests.swift */; };
/* End PBXBuildFile section */

/* Begin PBXContainerItemProxy section */
		0431BFC92BDB3B6600089AA4 /* PBXContainerItemProxy */ = {
			isa = PBXContainerItemProxy;
			containerPortal = 04E4BEAD2BD0DC9E003BA763 /* Project object */;
			proxyType = 1;
			remoteGlobalIDString = 0431BFBD2BDB3B6400089AA4;
			remoteInfo = "WatchLandmarks Watch App";
		};
		04E4BEC62BD0DCA0003BA763 /* PBXContainerItemProxy */ = {
			isa = PBXContainerItemProxy;
			containerPortal = 04E4BEAD2BD0DC9E003BA763 /* Project object */;
			proxyType = 1;
			remoteGlobalIDString = 04E4BEB42BD0DC9E003BA763;
			remoteInfo = Landmarks;
		};
		04E4BED02BD0DCA0003BA763 /* PBXContainerItemProxy */ = {
			isa = PBXContainerItemProxy;
			containerPortal = 04E4BEAD2BD0DC9E003BA763 /* Project object */;
			proxyType = 1;
			remoteGlobalIDString = 04E4BEB42BD0DC9E003BA763;
			remoteInfo = Landmarks;
		};
/* End PBXContainerItemProxy section */

/* Begin PBXCopyFilesBuildPhase section */
		0431BFCC2BDB3B6600089AA4 /* Embed Watch Content */ = {
			isa = PBXCopyFilesBuildPhase;
			buildActionMask = 2147483647;
			dstPath = "$(CONTENTS_FOLDER_PATH)/Watch";
			dstSubfolderSpec = 16;
			files = (
				0431BFCB2BDB3B6600089AA4 /* WatchLandmarks Watch App.app in Embed Watch Content */,
			);
			name = "Embed Watch Content";
			runOnlyForDeploymentPostprocessing = 0;
		};
/* End PBXCopyFilesBuildPhase section */

/* Begin PBXFileReference section */
		040BE3492BDA11D9008BEFB5 /* CategoryHome.swift */ = {isa = PBXFileReference; lastKnownFileType = sourcecode.swift; path = CategoryHome.swift; sourceTree = "<group>"; };
		040BE34B2BDA12A2008BEFB5 /* CategoryRow.swift */ = {isa = PBXFileReference; lastKnownFileType = sourcecode.swift; path = CategoryRow.swift; sourceTree = "<group>"; };
		040BE34D2BDA141D008BEFB5 /* CategoryItem.swift */ = {isa = PBXFileReference; lastKnownFileType = sourcecode.swift; path = CategoryItem.swift; sourceTree = "<group>"; };
		040BE3502BDA1868008BEFB5 /* Profile.swift */ = {isa = PBXFileReference; lastKnownFileType = sourcecode.swift; path = Profile.swift; sourceTree = "<group>"; };
		040BE3522BDA18BE008BEFB5 /* ProfileHost.swift */ = {isa = PBXFileReference; lastKnownFileType = sourcecode.swift; path = ProfileHost.swift; sourceTree = "<group>"; };
		040BE3542BDA190F008BEFB5 /* ProfileSummary.swift */ = {isa = PBXFileReference; lastKnownFileType = sourcecode.swift; path = ProfileSummary.swift; sourceTree = "<group>"; };
		040BE3562BDA19A8008BEFB5 /* HikeBadge.swift */ = {isa = PBXFileReference; lastKnownFileType = sourcecode.swift; path = HikeBadge.swift; sourceTree = "<group>"; };
		040BE3582BDA1BD0008BEFB5 /* ProfileEditor.swift */ = {isa = PBXFileReference; lastKnownFileType = sourcecode.swift; path = ProfileEditor.swift; sourceTree = "<group>"; };
		040BE35B2BDA20EE008BEFB5 /* PageViewController.swift */ = {isa = PBXFileReference; lastKnownFileType = sourcecode.swift; path = PageViewController.swift; sourceTree = "<group>"; };
		040BE35D2BDA2318008BEFB5 /* FeatureCard.swift */ = {isa = PBXFileReference; lastKnownFileType = sourcecode.swift; path = FeatureCard.swift; sourceTree = "<group>"; };
		040BE35F2BDA2420008BEFB5 /* PageView.swift */ = {isa = PBXFileReference; lastKnownFileType = sourcecode.swift; path = PageView.swift; sourceTree = "<group>"; };
		040BE3612BDA264A008BEFB5 /* PageControl.swift */ = {isa = PBXFileReference; lastKnownFileType = sourcecode.swift; path = PageControl.swift; sourceTree = "<group>"; };
		0431BFBE2BDB3B6400089AA4 /* WatchLandmarks Watch App.app */ = {isa = PBXFileReference; explicitFileType = wrapper.application; includeInIndex = 0; path = "WatchLandmarks Watch App.app"; sourceTree = BUILT_PRODUCTS_DIR; };
		0431BFC22BDB3B6400089AA4 /* ContentView.swift */ = {isa = PBXFileReference; lastKnownFileType = sourcecode.swift; path = ContentView.swift; sourceTree = "<group>"; };
		0431BFC42BDB3B6600089AA4 /* Assets.xcassets */ = {isa = PBXFileReference; lastKnownFileType = folder.assetcatalog; path = Assets.xcassets; sourceTree = "<group>"; };
		0431BFC72BDB3B6600089AA4 /* Preview Assets.xcassets */ = {isa = PBXFileReference; lastKnownFileType = folder.assetcatalog; path = "Preview Assets.xcassets"; sourceTree = "<group>"; };
		0431BFDC2BDB3EFF00089AA4 /* LandmarkDetail.swift */ = {isa = PBXFileReference; lastKnownFileType = sourcecode.swift; path = LandmarkDetail.swift; sourceTree = "<group>"; };
		0431BFDE2BDB421700089AA4 /* NotificationView.swift */ = {isa = PBXFileReference; lastKnownFileType = sourcecode.swift; path = NotificationView.swift; sourceTree = "<group>"; };
		0431BFE02BDB426F00089AA4 /* NotificationController.swift */ = {isa = PBXFileReference; lastKnownFileType = sourcecode.swift; path = NotificationController.swift; sourceTree = "<group>"; };
		0431BFE22BDB439700089AA4 /* PushNotificationPayload.apns */ = {isa = PBXFileReference; lastKnownFileType = text; path = PushNotificationPayload.apns; sourceTree = "<group>"; };
		0431BFE72BDB44B700089AA4 /* MacLandmarks.app */ = {isa = PBXFileReference; explicitFileType = wrapper.application; includeInIndex = 0; path = MacLandmarks.app; sourceTree = BUILT_PRODUCTS_DIR; };
		0431BFEB2BDB44B700089AA4 /* ContentView.swift */ = {isa = PBXFileReference; lastKnownFileType = sourcecode.swift; path = ContentView.swift; sourceTree = "<group>"; };
		0431BFED2BDB44BA00089AA4 /* Assets.xcassets */ = {isa = PBXFileReference; lastKnownFileType = folder.assetcatalog; path = Assets.xcassets; sourceTree = "<group>"; };
		0431BFF02BDB44BA00089AA4 /* Preview Assets.xcassets */ = {isa = PBXFileReference; lastKnownFileType = folder.assetcatalog; path = "Preview Assets.xcassets"; sourceTree = "<group>"; };
		0431BFF22BDB44BA00089AA4 /* MacLandmarks.entitlements */ = {isa = PBXFileReference; lastKnownFileType = text.plist.entitlements; path = MacLandmarks.entitlements; sourceTree = "<group>"; };
		0431C0032BDB468C00089AA4 /* LandmarkDetail.swift */ = {isa = PBXFileReference; lastKnownFileType = sourcecode.swift; path = LandmarkDetail.swift; sourceTree = "<group>"; };
		0431C0052BDB485200089AA4 /* LandmarkList.swift */ = {isa = PBXFileReference; lastKnownFileType = sourcecode.swift; path = LandmarkList.swift; sourceTree = "<group>"; };
		0431C0072BDB4C0900089AA4 /* LandmarkCommands.swift */ = {isa = PBXFileReference; lastKnownFileType = sourcecode.swift; path = LandmarkCommands.swift; sourceTree = "<group>"; };
		0431C00A2BDB4E5A00089AA4 /* LandmarkSettings.swift */ = {isa = PBXFileReference; lastKnownFileType = sourcecode.swift; path = LandmarkSettings.swift; sourceTree = "<group>"; };
		044C016E2BD1F8D500F48600 /* CircleImage.swift */ = {isa = PBXFileReference; lastKnownFileType = sourcecode.swift; path = CircleImage.swift; sourceTree = "<group>"; };
		044C01702BD1F97100F48600 /* MapView.swift */ = {isa = PBXFileReference; lastKnownFileType = sourcecode.swift; path = MapView.swift; sourceTree = "<group>"; };
		044C01722BD1FC4900F48600 /* landmarkData.json */ = {isa = PBXFileReference; fileEncoding = 4; lastKnownFileType = text.json; path = landmarkData.json; sourceTree = "<group>"; };
		044C01742BD1FC8600F48600 /* Landmark.swift */ = {isa = PBXFileReference; lastKnownFileType = sourcecode.swift; path = Landmark.swift; sourceTree = "<group>"; };
		044C01762BD1FDC800F48600 /* ModelData.swift */ = {isa = PBXFileReference; lastKnownFileType = sourcecode.swift; path = ModelData.swift; sourceTree = "<group>"; };
		044C017C2BD1FED100F48600 /* LandmarkRow.swift */ = {isa = PBXFileReference; lastKnownFileType = sourcecode.swift; path = LandmarkRow.swift; sourceTree = "<group>"; };
		044C017E2BD1FF6B00F48600 /* LandmarkList.swift */ = {isa = PBXFileReference; lastKnownFileType = sourcecode.swift; path = LandmarkList.swift; sourceTree = "<group>"; };
		044C01802BD1FFEF00F48600 /* LandmarkDetail.swift */ = {isa = PBXFileReference; lastKnownFileType = sourcecode.swift; path = LandmarkDetail.swift; sourceTree = "<group>"; };
		044C01822BD2143700F48600 /* FavouriteButton.swift */ = {isa = PBXFileReference; lastKnownFileType = sourcecode.swift; path = FavouriteButton.swift; sourceTree = "<group>"; };
		044C01862BD21C6000F48600 /* HexagonParameters.swift */ = {isa = PBXFileReference; lastKnownFileType = sourcecode.swift; path = HexagonParameters.swift; sourceTree = "<group>"; };
		044C01882BD21CB200F48600 /* BadgeBackground.swift */ = {isa = PBXFileReference; lastKnownFileType = sourcecode.swift; path = BadgeBackground.swift; sourceTree = "<group>"; };
		044C018A2BD21E4700F48600 /* BadgeSymbol.swift */ = {isa = PBXFileReference; lastKnownFileType = sourcecode.swift; path = BadgeSymbol.swift; sourceTree = "<group>"; };
		044C018C2BD21EAB00F48600 /* RotatedBadgeSymbol.swift */ = {isa = PBXFileReference; lastKnownFileType = sourcecode.swift; path = RotatedBadgeSymbol.swift; sourceTree = "<group>"; };
		044C018E2BD21ED000F48600 /* Badge.swift */ = {isa = PBXFileReference; lastKnownFileType = sourcecode.swift; path = Badge.swift; sourceTree = "<group>"; };
		044C01912BD2209D00F48600 /* hikeData.json */ = {isa = PBXFileReference; fileEncoding = 4; lastKnownFileType = text.json; path = hikeData.json; sourceTree = "<group>"; };
		044C01932BD220C100F48600 /* Hike.swift */ = {isa = PBXFileReference; lastKnownFileType = sourcecode.swift; path = Hike.swift; sourceTree = "<group>"; };
		044C01952BD2217C00F48600 /* GraphCapsule.swift */ = {isa = PBXFileReference; fileEncoding = 4; lastKnownFileType = sourcecode.swift; path = GraphCapsule.swift; sourceTree = "<group>"; };
		044C01962BD2217C00F48600 /* HikeDetail.swift */ = {isa = PBXFileReference; fileEncoding = 4; lastKnownFileType = sourcecode.swift; path = HikeDetail.swift; sourceTree = "<group>"; };
		044C01972BD2217C00F48600 /* HikeGraph.swift */ = {isa = PBXFileReference; fileEncoding = 4; lastKnownFileType = sourcecode.swift; path = HikeGraph.swift; sourceTree = "<group>"; };
		044C01982BD2217C00F48600 /* HikeView.swift */ = {isa = PBXFileReference; fileEncoding = 4; lastKnownFileType = sourcecode.swift; path = HikeView.swift; sourceTree = "<group>"; };
		04E4BEB52BD0DC9E003BA763 /* Landmarks.app */ = {isa = PBXFileReference; explicitFileType = wrapper.application; includeInIndex = 0; path = Landmarks.app; sourceTree = BUILT_PRODUCTS_DIR; };
		04E4BEB82BD0DC9E003BA763 /* LandmarksApp.swift */ = {isa = PBXFileReference; lastKnownFileType = sourcecode.swift; path = LandmarksApp.swift; sourceTree = "<group>"; };
		04E4BEBA2BD0DC9E003BA763 /* ContentView.swift */ = {isa = PBXFileReference; lastKnownFileType = sourcecode.swift; path = ContentView.swift; sourceTree = "<group>"; };
		04E4BEBC2BD0DCA0003BA763 /* Assets.xcassets */ = {isa = PBXFileReference; lastKnownFileType = folder.assetcatalog; path = Assets.xcassets; sourceTree = "<group>"; };
		04E4BEBF2BD0DCA0003BA763 /* Preview Assets.xcassets */ = {isa = PBXFileReference; lastKnownFileType = folder.assetcatalog; path = "Preview Assets.xcassets"; sourceTree = "<group>"; };
		04E4BEC52BD0DCA0003BA763 /* LandmarksTests.xctest */ = {isa = PBXFileReference; explicitFileType = wrapper.cfbundle; includeInIndex = 0; path = LandmarksTests.xctest; sourceTree = BUILT_PRODUCTS_DIR; };
		04E4BEC92BD0DCA0003BA763 /* LandmarksTests.swift */ = {isa = PBXFileReference; lastKnownFileType = sourcecode.swift; path = LandmarksTests.swift; sourceTree = "<group>"; };
		04E4BECF2BD0DCA0003BA763 /* LandmarksUITests.xctest */ = {isa = PBXFileReference; explicitFileType = wrapper.cfbundle; includeInIndex = 0; path = LandmarksUITests.xctest; sourceTree = BUILT_PRODUCTS_DIR; };
		04E4BED32BD0DCA0003BA763 /* LandmarksUITests.swift */ = {isa = PBXFileReference; lastKnownFileType = sourcecode.swift; path = LandmarksUITests.swift; sourceTree = "<group>"; };
		04E4BED52BD0DCA0003BA763 /* LandmarksUITestsLaunchTests.swift */ = {isa = PBXFileReference; lastKnownFileType = sourcecode.swift; path = LandmarksUITestsLaunchTests.swift; sourceTree = "<group>"; };
/* End PBXFileReference section */

/* Begin PBXFrameworksBuildPhase section */
		0431BFBB2BDB3B6400089AA4 /* Frameworks */ = {
			isa = PBXFrameworksBuildPhase;
			buildActionMask = 2147483647;
			files = (
			);
			runOnlyForDeploymentPostprocessing = 0;
		};
		0431BFE42BDB44B700089AA4 /* Frameworks */ = {
			isa = PBXFrameworksBuildPhase;
			buildActionMask = 2147483647;
			files = (
			);
			runOnlyForDeploymentPostprocessing = 0;
		};
		04E4BEB22BD0DC9E003BA763 /* Frameworks */ = {
			isa = PBXFrameworksBuildPhase;
			buildActionMask = 2147483647;
			files = (
			);
			runOnlyForDeploymentPostprocessing = 0;
		};
		04E4BEC22BD0DCA0003BA763 /* Frameworks */ = {
			isa = PBXFrameworksBuildPhase;
			buildActionMask = 2147483647;
			files = (
			);
			runOnlyForDeploymentPostprocessing = 0;
		};
		04E4BECC2BD0DCA0003BA763 /* Frameworks */ = {
			isa = PBXFrameworksBuildPhase;
			buildActionMask = 2147483647;
			files = (
			);
			runOnlyForDeploymentPostprocessing = 0;
		};
/* End PBXFrameworksBuildPhase section */

/* Begin PBXGroup section */
		040BE34F2BDA17F8008BEFB5 /* Category */ = {
			isa = PBXGroup;
			children = (
				040BE3492BDA11D9008BEFB5 /* CategoryHome.swift */,
				040BE34B2BDA12A2008BEFB5 /* CategoryRow.swift */,
				040BE34D2BDA141D008BEFB5 /* CategoryItem.swift */,
				040BE35D2BDA2318008BEFB5 /* FeatureCard.swift */,
				040BE35B2BDA20EE008BEFB5 /* PageViewController.swift */,
				040BE3612BDA264A008BEFB5 /* PageControl.swift */,
				040BE35F2BDA2420008BEFB5 /* PageView.swift */,
			);
			path = Category;
			sourceTree = "<group>";
		};
		040BE35A2BDA1D59008BEFB5 /* Profile */ = {
			isa = PBXGroup;
			children = (
				040BE3522BDA18BE008BEFB5 /* ProfileHost.swift */,
				040BE3582BDA1BD0008BEFB5 /* ProfileEditor.swift */,
				040BE3542BDA190F008BEFB5 /* ProfileSummary.swift */,
			);
			path = Profile;
			sourceTree = "<group>";
		};
		0431BFBF2BDB3B6400089AA4 /* WatchLandmarks Watch App */ = {
			isa = PBXGroup;
			children = (
				0431BFC22BDB3B6400089AA4 /* ContentView.swift */,
				0431BFE22BDB439700089AA4 /* PushNotificationPayload.apns */,
				0431BFE02BDB426F00089AA4 /* NotificationController.swift */,
				0431BFDC2BDB3EFF00089AA4 /* LandmarkDetail.swift */,
				0431C0052BDB485200089AA4 /* LandmarkList.swift */,
				0431BFDE2BDB421700089AA4 /* NotificationView.swift */,
				0431BFC42BDB3B6600089AA4 /* Assets.xcassets */,
				0431BFC62BDB3B6600089AA4 /* Preview Content */,
			);
			path = "WatchLandmarks Watch App";
			sourceTree = "<group>";
		};
		0431BFC62BDB3B6600089AA4 /* Preview Content */ = {
			isa = PBXGroup;
			children = (
				0431BFC72BDB3B6600089AA4 /* Preview Assets.xcassets */,
			);
			path = "Preview Content";
			sourceTree = "<group>";
		};
		0431BFE82BDB44B700089AA4 /* MacLandmarks */ = {
			isa = PBXGroup;
			children = (
				0431BFEB2BDB44B700089AA4 /* ContentView.swift */,
				0431C0032BDB468C00089AA4 /* LandmarkDetail.swift */,
				0431C0072BDB4C0900089AA4 /* LandmarkCommands.swift */,
				0431C00A2BDB4E5A00089AA4 /* LandmarkSettings.swift */,
				0431BFED2BDB44BA00089AA4 /* Assets.xcassets */,
				0431BFF22BDB44BA00089AA4 /* MacLandmarks.entitlements */,
				0431BFEF2BDB44BA00089AA4 /* Preview Content */,
			);
			path = MacLandmarks;
			sourceTree = "<group>";
		};
		0431BFEF2BDB44BA00089AA4 /* Preview Content */ = {
			isa = PBXGroup;
			children = (
				0431BFF02BDB44BA00089AA4 /* Preview Assets.xcassets */,
			);
			path = "Preview Content";
			sourceTree = "<group>";
		};
		044C01782BD1FE2D00F48600 /* Views */ = {
			isa = PBXGroup;
			children = (
				040BE34F2BDA17F8008BEFB5 /* Category */,
				044C01992BD2217C00F48600 /* Hikes */,
				04E4BEBA2BD0DC9E003BA763 /* ContentView.swift */,
				044C01902BD21FA800F48600 /* Badges */,
				044C01852BD214FB00F48600 /* Helper */,
				044C01842BD214E700F48600 /* Landmarks */,
				040BE35A2BDA1D59008BEFB5 /* Profile */,
			);
			path = Views;
			sourceTree = "<group>";
		};
		044C017A2BD1FE5300F48600 /* Model */ = {
			isa = PBXGroup;
			children = (
				044C01932BD220C100F48600 /* Hike.swift */,
				044C01762BD1FDC800F48600 /* ModelData.swift */,
				044C01742BD1FC8600F48600 /* Landmark.swift */,
				040BE3502BDA1868008BEFB5 /* Profile.swift */,
			);
			path = Model;
			sourceTree = "<group>";
		};
		044C017B2BD1FE6600F48600 /* Resources */ = {
			isa = PBXGroup;
			children = (
				044C01912BD2209D00F48600 /* hikeData.json */,
				044C01722BD1FC4900F48600 /* landmarkData.json */,
			);
			path = Resources;
			sourceTree = "<group>";
		};
		044C01842BD214E700F48600 /* Landmarks */ = {
			isa = PBXGroup;
			children = (
				044C017E2BD1FF6B00F48600 /* LandmarkList.swift */,
				044C017C2BD1FED100F48600 /* LandmarkRow.swift */,
				044C01802BD1FFEF00F48600 /* LandmarkDetail.swift */,
			);
			path = Landmarks;
			sourceTree = "<group>";
		};
		044C01852BD214FB00F48600 /* Helper */ = {
			isa = PBXGroup;
			children = (
				044C016E2BD1F8D500F48600 /* CircleImage.swift */,
				044C01702BD1F97100F48600 /* MapView.swift */,
				044C01822BD2143700F48600 /* FavouriteButton.swift */,
			);
			path = Helper;
			sourceTree = "<group>";
		};
		044C01902BD21FA800F48600 /* Badges */ = {
			isa = PBXGroup;
			children = (
				044C01862BD21C6000F48600 /* HexagonParameters.swift */,
				044C018A2BD21E4700F48600 /* BadgeSymbol.swift */,
				044C018C2BD21EAB00F48600 /* RotatedBadgeSymbol.swift */,
				044C018E2BD21ED000F48600 /* Badge.swift */,
				044C01882BD21CB200F48600 /* BadgeBackground.swift */,
			);
			path = Badges;
			sourceTree = "<group>";
		};
		044C01992BD2217C00F48600 /* Hikes */ = {
			isa = PBXGroup;
			children = (
				044C01952BD2217C00F48600 /* GraphCapsule.swift */,
				044C01962BD2217C00F48600 /* HikeDetail.swift */,
				044C01972BD2217C00F48600 /* HikeGraph.swift */,
				044C01982BD2217C00F48600 /* HikeView.swift */,
				040BE3562BDA19A8008BEFB5 /* HikeBadge.swift */,
			);
			path = Hikes;
			sourceTree = "<group>";
		};
		04E4BEAC2BD0DC9E003BA763 = {
			isa = PBXGroup;
			children = (
				04E4BEB72BD0DC9E003BA763 /* Landmarks */,
				04E4BEC82BD0DCA0003BA763 /* LandmarksTests */,
				04E4BED22BD0DCA0003BA763 /* LandmarksUITests */,
				0431BFBF2BDB3B6400089AA4 /* WatchLandmarks Watch App */,
				0431BFE82BDB44B700089AA4 /* MacLandmarks */,
				04E4BEB62BD0DC9E003BA763 /* Products */,
			);
			sourceTree = "<group>";
		};
		04E4BEB62BD0DC9E003BA763 /* Products */ = {
			isa = PBXGroup;
			children = (
				04E4BEB52BD0DC9E003BA763 /* Landmarks.app */,
				04E4BEC52BD0DCA0003BA763 /* LandmarksTests.xctest */,
				04E4BECF2BD0DCA0003BA763 /* LandmarksUITests.xctest */,
				0431BFBE2BDB3B6400089AA4 /* WatchLandmarks Watch App.app */,
				0431BFE72BDB44B700089AA4 /* MacLandmarks.app */,
			);
			name = Products;
			sourceTree = "<group>";
		};
		04E4BEB72BD0DC9E003BA763 /* Landmarks */ = {
			isa = PBXGroup;
			children = (
				04E4BEB82BD0DC9E003BA763 /* LandmarksApp.swift */,
				044C017B2BD1FE6600F48600 /* Resources */,
				044C017A2BD1FE5300F48600 /* Model */,
				044C01782BD1FE2D00F48600 /* Views */,
				04E4BEBC2BD0DCA0003BA763 /* Assets.xcassets */,
				04E4BEBE2BD0DCA0003BA763 /* Preview Content */,
			);
			path = Landmarks;
			sourceTree = "<group>";
		};
		04E4BEBE2BD0DCA0003BA763 /* Preview Content */ = {
			isa = PBXGroup;
			children = (
				04E4BEBF2BD0DCA0003BA763 /* Preview Assets.xcassets */,
			);
			path = "Preview Content";
			sourceTree = "<group>";
		};
		04E4BEC82BD0DCA0003BA763 /* LandmarksTests */ = {
			isa = PBXGroup;
			children = (
				04E4BEC92BD0DCA0003BA763 /* LandmarksTests.swift */,
			);
			path = LandmarksTests;
			sourceTree = "<group>";
		};
		04E4BED22BD0DCA0003BA763 /* LandmarksUITests */ = {
			isa = PBXGroup;
			children = (
				04E4BED32BD0DCA0003BA763 /* LandmarksUITests.swift */,
				04E4BED52BD0DCA0003BA763 /* LandmarksUITestsLaunchTests.swift */,
			);
			path = LandmarksUITests;
			sourceTree = "<group>";
		};
/* End PBXGroup section */

/* Begin PBXNativeTarget section */
		0431BFBD2BDB3B6400089AA4 /* WatchLandmarks Watch App */ = {
			isa = PBXNativeTarget;
			buildConfigurationList = 0431BFCF2BDB3B6600089AA4 /* Build configuration list for PBXNativeTarget "WatchLandmarks Watch App" */;
			buildPhases = (
				0431BFBA2BDB3B6400089AA4 /* Sources */,
				0431BFBB2BDB3B6400089AA4 /* Frameworks */,
				0431BFBC2BDB3B6400089AA4 /* Resources */,
			);
			buildRules = (
			);
			dependencies = (
			);
			name = "WatchLandmarks Watch App";
			productName = "WatchLandmarks Watch App";
			productReference = 0431BFBE2BDB3B6400089AA4 /* WatchLandmarks Watch App.app */;
			productType = "com.apple.product-type.application";
		};
		0431BFE62BDB44B700089AA4 /* MacLandmarks */ = {
			isa = PBXNativeTarget;
			buildConfigurationList = 0431BFF32BDB44BA00089AA4 /* Build configuration list for PBXNativeTarget "MacLandmarks" */;
			buildPhases = (
				0431BFE32BDB44B700089AA4 /* Sources */,
				0431BFE42BDB44B700089AA4 /* Frameworks */,
				0431BFE52BDB44B700089AA4 /* Resources */,
			);
			buildRules = (
			);
			dependencies = (
			);
			name = MacLandmarks;
			productName = MacLandmarks;
			productReference = 0431BFE72BDB44B700089AA4 /* MacLandmarks.app */;
			productType = "com.apple.product-type.application";
		};
		04E4BEB42BD0DC9E003BA763 /* Landmarks */ = {
			isa = PBXNativeTarget;
			buildConfigurationList = 04E4BED92BD0DCA0003BA763 /* Build configuration list for PBXNativeTarget "Landmarks" */;
			buildPhases = (
				04E4BEB12BD0DC9E003BA763 /* Sources */,
				04E4BEB22BD0DC9E003BA763 /* Frameworks */,
				04E4BEB32BD0DC9E003BA763 /* Resources */,
				0431BFCC2BDB3B6600089AA4 /* Embed Watch Content */,
			);
			buildRules = (
			);
			dependencies = (
				0431BFCA2BDB3B6600089AA4 /* PBXTargetDependency */,
			);
			name = Landmarks;
			productName = Landmarks;
			productReference = 04E4BEB52BD0DC9E003BA763 /* Landmarks.app */;
			productType = "com.apple.product-type.application";
		};
		04E4BEC42BD0DCA0003BA763 /* LandmarksTests */ = {
			isa = PBXNativeTarget;
			buildConfigurationList = 04E4BEDC2BD0DCA0003BA763 /* Build configuration list for PBXNativeTarget "LandmarksTests" */;
			buildPhases = (
				04E4BEC12BD0DCA0003BA763 /* Sources */,
				04E4BEC22BD0DCA0003BA763 /* Frameworks */,
				04E4BEC32BD0DCA0003BA763 /* Resources */,
			);
			buildRules = (
			);
			dependencies = (
				04E4BEC72BD0DCA0003BA763 /* PBXTargetDependency */,
			);
			name = LandmarksTests;
			productName = LandmarksTests;
			productReference = 04E4BEC52BD0DCA0003BA763 /* LandmarksTests.xctest */;
			productType = "com.apple.product-type.bundle.unit-test";
		};
		04E4BECE2BD0DCA0003BA763 /* LandmarksUITests */ = {
			isa = PBXNativeTarget;
			buildConfigurationList = 04E4BEDF2BD0DCA0003BA763 /* Build configuration list for PBXNativeTarget "LandmarksUITests" */;
			buildPhases = (
				04E4BECB2BD0DCA0003BA763 /* Sources */,
				04E4BECC2BD0DCA0003BA763 /* Frameworks */,
				04E4BECD2BD0DCA0003BA763 /* Resources */,
			);
			buildRules = (
			);
			dependencies = (
				04E4BED12BD0DCA0003BA763 /* PBXTargetDependency */,
			);
			name = LandmarksUITests;
			productName = LandmarksUITests;
			productReference = 04E4BECF2BD0DCA0003BA763 /* LandmarksUITests.xctest */;
			productType = "com.apple.product-type.bundle.ui-testing";
		};
/* End PBXNativeTarget section */

/* Begin PBXProject section */
		04E4BEAD2BD0DC9E003BA763 /* Project object */ = {
			isa = PBXProject;
			attributes = {
				BuildIndependentTargetsInParallel = 1;
				LastSwiftUpdateCheck = 1530;
				LastUpgradeCheck = 1530;
				TargetAttributes = {
					0431BFBD2BDB3B6400089AA4 = {
						CreatedOnToolsVersion = 15.3;
					};
					0431BFE62BDB44B700089AA4 = {
						CreatedOnToolsVersion = 15.3;
					};
					04E4BEB42BD0DC9E003BA763 = {
						CreatedOnToolsVersion = 15.3;
					};
					04E4BEC42BD0DCA0003BA763 = {
						CreatedOnToolsVersion = 15.3;
						TestTargetID = 04E4BEB42BD0DC9E003BA763;
					};
					04E4BECE2BD0DCA0003BA763 = {
						CreatedOnToolsVersion = 15.3;
						TestTargetID = 04E4BEB42BD0DC9E003BA763;
					};
				};
			};
			buildConfigurationList = 04E4BEB02BD0DC9E003BA763 /* Build configuration list for PBXProject "Landmarks" */;
			compatibilityVersion = "Xcode 14.0";
			developmentRegion = en;
			hasScannedForEncodings = 0;
			knownRegions = (
				en,
				Base,
			);
			mainGroup = 04E4BEAC2BD0DC9E003BA763;
			productRefGroup = 04E4BEB62BD0DC9E003BA763 /* Products */;
			projectDirPath = "";
			projectRoot = "";
			targets = (
				04E4BEB42BD0DC9E003BA763 /* Landmarks */,
				04E4BEC42BD0DCA0003BA763 /* LandmarksTests */,
				04E4BECE2BD0DCA0003BA763 /* LandmarksUITests */,
				0431BFBD2BDB3B6400089AA4 /* WatchLandmarks Watch App */,
				0431BFE62BDB44B700089AA4 /* MacLandmarks */,
			);
		};
/* End PBXProject section */

/* Begin PBXResourcesBuildPhase section */
		0431BFBC2BDB3B6400089AA4 /* Resources */ = {
			isa = PBXResourcesBuildPhase;
			buildActionMask = 2147483647;
			files = (
				0431BFD02BDB3D0300089AA4 /* hikeData.json in Resources */,
				0431BFD12BDB3D0300089AA4 /* Assets.xcassets in Resources */,
				0431BFD22BDB3D0300089AA4 /* landmarkData.json in Resources */,
				0431BFC82BDB3B6600089AA4 /* Preview Assets.xcassets in Resources */,
				0431BFC52BDB3B6600089AA4 /* Assets.xcassets in Resources */,
			);
			runOnlyForDeploymentPostprocessing = 0;
		};
		0431BFE52BDB44B700089AA4 /* Resources */ = {
			isa = PBXResourcesBuildPhase;
			buildActionMask = 2147483647;
			files = (
				0431C0002BDB45A000089AA4 /* hikeData.json in Resources */,
				0431C0012BDB45A000089AA4 /* Assets.xcassets in Resources */,
				0431C0022BDB45A000089AA4 /* landmarkData.json in Resources */,
				0431BFF12BDB44BA00089AA4 /* Preview Assets.xcassets in Resources */,
				0431BFEE2BDB44BA00089AA4 /* Assets.xcassets in Resources */,
			);
			runOnlyForDeploymentPostprocessing = 0;
		};
		04E4BEB32BD0DC9E003BA763 /* Resources */ = {
			isa = PBXResourcesBuildPhase;
			buildActionMask = 2147483647;
			files = (
				044C01922BD2209D00F48600 /* hikeData.json in Resources */,
				04E4BEC02BD0DCA0003BA763 /* Preview Assets.xcassets in Resources */,
				04E4BEBD2BD0DCA0003BA763 /* Assets.xcassets in Resources */,
				044C01732BD1FC4900F48600 /* landmarkData.json in Resources */,
			);
			runOnlyForDeploymentPostprocessing = 0;
		};
		04E4BEC32BD0DCA0003BA763 /* Resources */ = {
			isa = PBXResourcesBuildPhase;
			buildActionMask = 2147483647;
			files = (
			);
			runOnlyForDeploymentPostprocessing = 0;
		};
		04E4BECD2BD0DCA0003BA763 /* Resources */ = {
			isa = PBXResourcesBuildPhase;
			buildActionMask = 2147483647;
			files = (
			);
			runOnlyForDeploymentPostprocessing = 0;
		};
/* End PBXResourcesBuildPhase section */

/* Begin PBXSourcesBuildPhase section */
		0431BFBA2BDB3B6400089AA4 /* Sources */ = {
			isa = PBXSourcesBuildPhase;
			buildActionMask = 2147483647;
			files = (
				0431BFC32BDB3B6400089AA4 /* ContentView.swift in Sources */,
				0431BFD32BDB3D0300089AA4 /* CircleImage.swift in Sources */,
				0431BFD42BDB3D0300089AA4 /* Landmark.swift in Sources */,
				0431C0062BDB485200089AA4 /* LandmarkList.swift in Sources */,
				0431BFD52BDB3D0300089AA4 /* MapView.swift in Sources */,
				0431BFD62BDB3D0300089AA4 /* Hike.swift in Sources */,
				0431BFD72BDB3D0300089AA4 /* LandmarksApp.swift in Sources */,
				0431BFD82BDB3D0300089AA4 /* LandmarkRow.swift in Sources */,
				0431BFD92BDB3D0300089AA4 /* ModelData.swift in Sources */,
				0431BFDA2BDB3D0300089AA4 /* Profile.swift in Sources */,
				0431BFE12BDB426F00089AA4 /* NotificationController.swift in Sources */,
				0431BFDD2BDB3EFF00089AA4 /* LandmarkDetail.swift in Sources */,
				0431BFDF2BDB421700089AA4 /* NotificationView.swift in Sources */,
			);
			runOnlyForDeploymentPostprocessing = 0;
		};
		0431BFE32BDB44B700089AA4 /* Sources */ = {
			isa = PBXSourcesBuildPhase;
			buildActionMask = 2147483647;
			files = (
				0431BFF62BDB45A000089AA4 /* Profile.swift in Sources */,
				0431BFF72BDB45A000089AA4 /* ModelData.swift in Sources */,
				0431C00B2BDB4E5A00089AA4 /* LandmarkSettings.swift in Sources */,
				0431BFF82BDB45A000089AA4 /* CircleImage.swift in Sources */,
				0431BFF92BDB45A000089AA4 /* MapView.swift in Sources */,
				0431C0092BDB4C0900089AA4 /* LandmarkCommands.swift in Sources */,
				0431C0042BDB468C00089AA4 /* LandmarkDetail.swift in Sources */,
				0431BFFA2BDB45A000089AA4 /* Hike.swift in Sources */,
				0431BFFB2BDB45A000089AA4 /* Landmark.swift in Sources */,
				0431BFFC2BDB45A000089AA4 /* LandmarkList.swift in Sources */,
				0431BFFD2BDB45A000089AA4 /* LandmarkRow.swift in Sources */,
				0431BFFE2BDB45A000089AA4 /* FavouriteButton.swift in Sources */,
				0431BFFF2BDB45A000089AA4 /* LandmarksApp.swift in Sources */,
				0431BFEC2BDB44B700089AA4 /* ContentView.swift in Sources */,
			);
			runOnlyForDeploymentPostprocessing = 0;
		};
		04E4BEB12BD0DC9E003BA763 /* Sources */ = {
			isa = PBXSourcesBuildPhase;
			buildActionMask = 2147483647;
			files = (
				040BE34C2BDA12A2008BEFB5 /* CategoryRow.swift in Sources */,
				040BE3512BDA1868008BEFB5 /* Profile.swift in Sources */,
				0431C0082BDB4C0900089AA4 /* LandmarkCommands.swift in Sources */,
				04E4BEBB2BD0DC9E003BA763 /* ContentView.swift in Sources */,
				040BE34A2BDA11D9008BEFB5 /* CategoryHome.swift in Sources */,
				040BE35E2BDA2318008BEFB5 /* FeatureCard.swift in Sources */,
				044C018F2BD21ED000F48600 /* Badge.swift in Sources */,
				044C01712BD1F97100F48600 /* MapView.swift in Sources */,
				044C019A2BD2217C00F48600 /* GraphCapsule.swift in Sources */,
				044C019C2BD2217C00F48600 /* HikeGraph.swift in Sources */,
				04E4BEB92BD0DC9E003BA763 /* LandmarksApp.swift in Sources */,
				040BE3622BDA264A008BEFB5 /* PageControl.swift in Sources */,
				044C017F2BD1FF6B00F48600 /* LandmarkList.swift in Sources */,
				040BE34E2BDA141D008BEFB5 /* CategoryItem.swift in Sources */,
				044C01872BD21C6000F48600 /* HexagonParameters.swift in Sources */,
				040BE3552BDA190F008BEFB5 /* ProfileSummary.swift in Sources */,
				044C01942BD220C100F48600 /* Hike.swift in Sources */,
				040BE3532BDA18BE008BEFB5 /* ProfileHost.swift in Sources */,
				044C018D2BD21EAB00F48600 /* RotatedBadgeSymbol.swift in Sources */,
				044C018B2BD21E4700F48600 /* BadgeSymbol.swift in Sources */,
				040BE3602BDA2421008BEFB5 /* PageView.swift in Sources */,
				044C01812BD1FFEF00F48600 /* LandmarkDetail.swift in Sources */,
				040BE3592BDA1BD0008BEFB5 /* ProfileEditor.swift in Sources */,
				044C019B2BD2217C00F48600 /* HikeDetail.swift in Sources */,
				044C019D2BD2217C00F48600 /* HikeView.swift in Sources */,
				044C01832BD2143700F48600 /* FavouriteButton.swift in Sources */,
				040BE35C2BDA20EE008BEFB5 /* PageViewController.swift in Sources */,
				044C01892BD21CB200F48600 /* BadgeBackground.swift in Sources */,
				040BE3572BDA19A8008BEFB5 /* HikeBadge.swift in Sources */,
				044C016F2BD1F8D500F48600 /* CircleImage.swift in Sources */,
				044C01752BD1FC8600F48600 /* Landmark.swift in Sources */,
				044C017D2BD1FED100F48600 /* LandmarkRow.swift in Sources */,
				044C01772BD1FDC800F48600 /* ModelData.swift in Sources */,
			);
			runOnlyForDeploymentPostprocessing = 0;
		};
		04E4BEC12BD0DCA0003BA763 /* Sources */ = {
			isa = PBXSourcesBuildPhase;
			buildActionMask = 2147483647;
			files = (
				04E4BECA2BD0DCA0003BA763 /* LandmarksTests.swift in Sources */,
			);
			runOnlyForDeploymentPostprocessing = 0;
		};
		04E4BECB2BD0DCA0003BA763 /* Sources */ = {
			isa = PBXSourcesBuildPhase;
			buildActionMask = 2147483647;
			files = (
				04E4BED62BD0DCA0003BA763 /* LandmarksUITestsLaunchTests.swift in Sources */,
				04E4BED42BD0DCA0003BA763 /* LandmarksUITests.swift in Sources */,
			);
			runOnlyForDeploymentPostprocessing = 0;
		};
/* End PBXSourcesBuildPhase section */

/* Begin PBXTargetDependency section */
		0431BFCA2BDB3B6600089AA4 /* PBXTargetDependency */ = {
			isa = PBXTargetDependency;
			target = 0431BFBD2BDB3B6400089AA4 /* WatchLandmarks Watch App */;
			targetProxy = 0431BFC92BDB3B6600089AA4 /* PBXContainerItemProxy */;
		};
		04E4BEC72BD0DCA0003BA763 /* PBXTargetDependency */ = {
			isa = PBXTargetDependency;
			target = 04E4BEB42BD0DC9E003BA763 /* Landmarks */;
			targetProxy = 04E4BEC62BD0DCA0003BA763 /* PBXContainerItemProxy */;
		};
		04E4BED12BD0DCA0003BA763 /* PBXTargetDependency */ = {
			isa = PBXTargetDependency;
			target = 04E4BEB42BD0DC9E003BA763 /* Landmarks */;
			targetProxy = 04E4BED02BD0DCA0003BA763 /* PBXContainerItemProxy */;
		};
/* End PBXTargetDependency section */

/* Begin XCBuildConfiguration section */
		0431BFCD2BDB3B6600089AA4 /* Debug */ = {
			isa = XCBuildConfiguration;
			buildSettings = {
				ASSETCATALOG_COMPILER_APPICON_NAME = AppIcon;
				ASSETCATALOG_COMPILER_GLOBAL_ACCENT_COLOR_NAME = AccentColor;
				CODE_SIGN_STYLE = Automatic;
				CURRENT_PROJECT_VERSION = 1;
				DEVELOPMENT_ASSET_PATHS = "\"WatchLandmarks Watch App/Preview Content\"";
				ENABLE_PREVIEWS = YES;
				GENERATE_INFOPLIST_FILE = YES;
				INFOPLIST_KEY_CFBundleDisplayName = WatchLandmarks;
				INFOPLIST_KEY_UISupportedInterfaceOrientations = "UIInterfaceOrientationPortrait UIInterfaceOrientationPortraitUpsideDown";
				INFOPLIST_KEY_WKCompanionAppBundleIdentifier = Tefer.Landmarks;
				INFOPLIST_KEY_WKRunsIndependentlyOfCompanionApp = YES;
				LD_RUNPATH_SEARCH_PATHS = (
					"$(inherited)",
					"@executable_path/Frameworks",
				);
				MARKETING_VERSION = 1.0;
				PRODUCT_BUNDLE_IDENTIFIER = Tefer.Landmarks.watchkitapp;
				PRODUCT_NAME = "$(TARGET_NAME)";
				SDKROOT = watchos;
				SKIP_INSTALL = YES;
				SWIFT_EMIT_LOC_STRINGS = YES;
				SWIFT_VERSION = 5.0;
				TARGETED_DEVICE_FAMILY = 4;
				WATCHOS_DEPLOYMENT_TARGET = 10.4;
			};
			name = Debug;
		};
		0431BFCE2BDB3B6600089AA4 /* Release */ = {
			isa = XCBuildConfiguration;
			buildSettings = {
				ASSETCATALOG_COMPILER_APPICON_NAME = AppIcon;
				ASSETCATALOG_COMPILER_GLOBAL_ACCENT_COLOR_NAME = AccentColor;
				CODE_SIGN_STYLE = Automatic;
				CURRENT_PROJECT_VERSION = 1;
				DEVELOPMENT_ASSET_PATHS = "\"WatchLandmarks Watch App/Preview Content\"";
				ENABLE_PREVIEWS = YES;
				GENERATE_INFOPLIST_FILE = YES;
				INFOPLIST_KEY_CFBundleDisplayName = WatchLandmarks;
				INFOPLIST_KEY_UISupportedInterfaceOrientations = "UIInterfaceOrientationPortrait UIInterfaceOrientationPortraitUpsideDown";
				INFOPLIST_KEY_WKCompanionAppBundleIdentifier = Tefer.Landmarks;
				INFOPLIST_KEY_WKRunsIndependentlyOfCompanionApp = YES;
				LD_RUNPATH_SEARCH_PATHS = (
					"$(inherited)",
					"@executable_path/Frameworks",
				);
				MARKETING_VERSION = 1.0;
				PRODUCT_BUNDLE_IDENTIFIER = Tefer.Landmarks.watchkitapp;
				PRODUCT_NAME = "$(TARGET_NAME)";
				SDKROOT = watchos;
				SKIP_INSTALL = YES;
				SWIFT_EMIT_LOC_STRINGS = YES;
				SWIFT_VERSION = 5.0;
				TARGETED_DEVICE_FAMILY = 4;
				WATCHOS_DEPLOYMENT_TARGET = 10.4;
			};
			name = Release;
		};
		0431BFF42BDB44BA00089AA4 /* Debug */ = {
			isa = XCBuildConfiguration;
			buildSettings = {
				ASSETCATALOG_COMPILER_APPICON_NAME = AppIcon;
				ASSETCATALOG_COMPILER_GLOBAL_ACCENT_COLOR_NAME = AccentColor;
				CODE_SIGN_ENTITLEMENTS = MacLandmarks/MacLandmarks.entitlements;
				CODE_SIGN_STYLE = Automatic;
				COMBINE_HIDPI_IMAGES = YES;
				CURRENT_PROJECT_VERSION = 1;
				DEVELOPMENT_ASSET_PATHS = "\"MacLandmarks/Preview Content\"";
				ENABLE_PREVIEWS = YES;
				GENERATE_INFOPLIST_FILE = YES;
				INFOPLIST_KEY_NSHumanReadableCopyright = "";
				LD_RUNPATH_SEARCH_PATHS = (
					"$(inherited)",
					"@executable_path/../Frameworks",
				);
				MACOSX_DEPLOYMENT_TARGET = 14.3;
				MARKETING_VERSION = 1.0;
				PRODUCT_BUNDLE_IDENTIFIER = Tefer.MacLandmarks;
				PRODUCT_NAME = "$(TARGET_NAME)";
				SDKROOT = macosx;
				SWIFT_EMIT_LOC_STRINGS = YES;
				SWIFT_VERSION = 5.0;
			};
			name = Debug;
		};
		0431BFF52BDB44BA00089AA4 /* Release */ = {
			isa = XCBuildConfiguration;
			buildSettings = {
				ASSETCATALOG_COMPILER_APPICON_NAME = AppIcon;
				ASSETCATALOG_COMPILER_GLOBAL_ACCENT_COLOR_NAME = AccentColor;
				CODE_SIGN_ENTITLEMENTS = MacLandmarks/MacLandmarks.entitlements;
				CODE_SIGN_STYLE = Automatic;
				COMBINE_HIDPI_IMAGES = YES;
				CURRENT_PROJECT_VERSION = 1;
				DEVELOPMENT_ASSET_PATHS = "\"MacLandmarks/Preview Content\"";
				ENABLE_PREVIEWS = YES;
				GENERATE_INFOPLIST_FILE = YES;
				INFOPLIST_KEY_NSHumanReadableCopyright = "";
				LD_RUNPATH_SEARCH_PATHS = (
					"$(inherited)",
					"@executable_path/../Frameworks",
				);
				MACOSX_DEPLOYMENT_TARGET = 14.3;
				MARKETING_VERSION = 1.0;
				PRODUCT_BUNDLE_IDENTIFIER = Tefer.MacLandmarks;
				PRODUCT_NAME = "$(TARGET_NAME)";
				SDKROOT = macosx;
				SWIFT_EMIT_LOC_STRINGS = YES;
				SWIFT_VERSION = 5.0;
			};
			name = Release;
		};
		04E4BED72BD0DCA0003BA763 /* Debug */ = {
			isa = XCBuildConfiguration;
			buildSettings = {
				ALWAYS_SEARCH_USER_PATHS = NO;
				ASSETCATALOG_COMPILER_GENERATE_SWIFT_ASSET_SYMBOL_EXTENSIONS = YES;
				CLANG_ANALYZER_NONNULL = YES;
				CLANG_ANALYZER_NUMBER_OBJECT_CONVERSION = YES_AGGRESSIVE;
				CLANG_CXX_LANGUAGE_STANDARD = "gnu++20";
				CLANG_ENABLE_MODULES = YES;
				CLANG_ENABLE_OBJC_ARC = YES;
				CLANG_ENABLE_OBJC_WEAK = YES;
				CLANG_WARN_BLOCK_CAPTURE_AUTORELEASING = YES;
				CLANG_WARN_BOOL_CONVERSION = YES;
				CLANG_WARN_COMMA = YES;
				CLANG_WARN_CONSTANT_CONVERSION = YES;
				CLANG_WARN_DEPRECATED_OBJC_IMPLEMENTATIONS = YES;
				CLANG_WARN_DIRECT_OBJC_ISA_USAGE = YES_ERROR;
				CLANG_WARN_DOCUMENTATION_COMMENTS = YES;
				CLANG_WARN_EMPTY_BODY = YES;
				CLANG_WARN_ENUM_CONVERSION = YES;
				CLANG_WARN_INFINITE_RECURSION = YES;
				CLANG_WARN_INT_CONVERSION = YES;
				CLANG_WARN_NON_LITERAL_NULL_CONVERSION = YES;
				CLANG_WARN_OBJC_IMPLICIT_RETAIN_SELF = YES;
				CLANG_WARN_OBJC_LITERAL_CONVERSION = YES;
				CLANG_WARN_OBJC_ROOT_CLASS = YES_ERROR;
				CLANG_WARN_QUOTED_INCLUDE_IN_FRAMEWORK_HEADER = YES;
				CLANG_WARN_RANGE_LOOP_ANALYSIS = YES;
				CLANG_WARN_STRICT_PROTOTYPES = YES;
				CLANG_WARN_SUSPICIOUS_MOVE = YES;
				CLANG_WARN_UNGUARDED_AVAILABILITY = YES_AGGRESSIVE;
				CLANG_WARN_UNREACHABLE_CODE = YES;
				CLANG_WARN__DUPLICATE_METHOD_MATCH = YES;
				COPY_PHASE_STRIP = NO;
				DEBUG_INFORMATION_FORMAT = dwarf;
				ENABLE_STRICT_OBJC_MSGSEND = YES;
				ENABLE_TESTABILITY = YES;
				ENABLE_USER_SCRIPT_SANDBOXING = YES;
				GCC_C_LANGUAGE_STANDARD = gnu17;
				GCC_DYNAMIC_NO_PIC = NO;
				GCC_NO_COMMON_BLOCKS = YES;
				GCC_OPTIMIZATION_LEVEL = 0;
				GCC_PREPROCESSOR_DEFINITIONS = (
					"DEBUG=1",
					"$(inherited)",
				);
				GCC_WARN_64_TO_32_BIT_CONVERSION = YES;
				GCC_WARN_ABOUT_RETURN_TYPE = YES_ERROR;
				GCC_WARN_UNDECLARED_SELECTOR = YES;
				GCC_WARN_UNINITIALIZED_AUTOS = YES_AGGRESSIVE;
				GCC_WARN_UNUSED_FUNCTION = YES;
				GCC_WARN_UNUSED_VARIABLE = YES;
				IPHONEOS_DEPLOYMENT_TARGET = 17.4;
				LOCALIZATION_PREFERS_STRING_CATALOGS = YES;
				MTL_ENABLE_DEBUG_INFO = INCLUDE_SOURCE;
				MTL_FAST_MATH = YES;
				ONLY_ACTIVE_ARCH = YES;
				SDKROOT = iphoneos;
				SWIFT_ACTIVE_COMPILATION_CONDITIONS = "DEBUG $(inherited)";
				SWIFT_OPTIMIZATION_LEVEL = "-Onone";
			};
			name = Debug;
		};
		04E4BED82BD0DCA0003BA763 /* Release */ = {
			isa = XCBuildConfiguration;
			buildSettings = {
				ALWAYS_SEARCH_USER_PATHS = NO;
				ASSETCATALOG_COMPILER_GENERATE_SWIFT_ASSET_SYMBOL_EXTENSIONS = YES;
				CLANG_ANALYZER_NONNULL = YES;
				CLANG_ANALYZER_NUMBER_OBJECT_CONVERSION = YES_AGGRESSIVE;
				CLANG_CXX_LANGUAGE_STANDARD = "gnu++20";
				CLANG_ENABLE_MODULES = YES;
				CLANG_ENABLE_OBJC_ARC = YES;
				CLANG_ENABLE_OBJC_WEAK = YES;
				CLANG_WARN_BLOCK_CAPTURE_AUTORELEASING = YES;
				CLANG_WARN_BOOL_CONVERSION = YES;
				CLANG_WARN_COMMA = YES;
				CLANG_WARN_CONSTANT_CONVERSION = YES;
				CLANG_WARN_DEPRECATED_OBJC_IMPLEMENTATIONS = YES;
				CLANG_WARN_DIRECT_OBJC_ISA_USAGE = YES_ERROR;
				CLANG_WARN_DOCUMENTATION_COMMENTS = YES;
				CLANG_WARN_EMPTY_BODY = YES;
				CLANG_WARN_ENUM_CONVERSION = YES;
				CLANG_WARN_INFINITE_RECURSION = YES;
				CLANG_WARN_INT_CONVERSION = YES;
				CLANG_WARN_NON_LITERAL_NULL_CONVERSION = YES;
				CLANG_WARN_OBJC_IMPLICIT_RETAIN_SELF = YES;
				CLANG_WARN_OBJC_LITERAL_CONVERSION = YES;
				CLANG_WARN_OBJC_ROOT_CLASS = YES_ERROR;
				CLANG_WARN_QUOTED_INCLUDE_IN_FRAMEWORK_HEADER = YES;
				CLANG_WARN_RANGE_LOOP_ANALYSIS = YES;
				CLANG_WARN_STRICT_PROTOTYPES = YES;
				CLANG_WARN_SUSPICIOUS_MOVE = YES;
				CLANG_WARN_UNGUARDED_AVAILABILITY = YES_AGGRESSIVE;
				CLANG_WARN_UNREACHABLE_CODE = YES;
				CLANG_WARN__DUPLICATE_METHOD_MATCH = YES;
				COPY_PHASE_STRIP = NO;
				DEBUG_INFORMATION_FORMAT = "dwarf-with-dsym";
				ENABLE_NS_ASSERTIONS = NO;
				ENABLE_STRICT_OBJC_MSGSEND = YES;
				ENABLE_USER_SCRIPT_SANDBOXING = YES;
				GCC_C_LANGUAGE_STANDARD = gnu17;
				GCC_NO_COMMON_BLOCKS = YES;
				GCC_WARN_64_TO_32_BIT_CONVERSION = YES;
				GCC_WARN_ABOUT_RETURN_TYPE = YES_ERROR;
				GCC_WARN_UNDECLARED_SELECTOR = YES;
				GCC_WARN_UNINITIALIZED_AUTOS = YES_AGGRESSIVE;
				GCC_WARN_UNUSED_FUNCTION = YES;
				GCC_WARN_UNUSED_VARIABLE = YES;
				IPHONEOS_DEPLOYMENT_TARGET = 17.4;
				LOCALIZATION_PREFERS_STRING_CATALOGS = YES;
				MTL_ENABLE_DEBUG_INFO = NO;
				MTL_FAST_MATH = YES;
				SDKROOT = iphoneos;
				SWIFT_COMPILATION_MODE = wholemodule;
				VALIDATE_PRODUCT = YES;
			};
			name = Release;
		};
		04E4BEDA2BD0DCA0003BA763 /* Debug */ = {
			isa = XCBuildConfiguration;
			buildSettings = {
				ALWAYS_EMBED_SWIFT_STANDARD_LIBRARIES = YES;
				ASSETCATALOG_COMPILER_APPICON_NAME = AppIcon;
				ASSETCATALOG_COMPILER_GLOBAL_ACCENT_COLOR_NAME = AccentColor;
				CODE_SIGN_STYLE = Automatic;
				CURRENT_PROJECT_VERSION = 1;
				DEVELOPMENT_ASSET_PATHS = "\"Landmarks/Preview Content\"";
				ENABLE_PREVIEWS = YES;
				GENERATE_INFOPLIST_FILE = YES;
				INFOPLIST_KEY_UIApplicationSceneManifest_Generation = YES;
				INFOPLIST_KEY_UIApplicationSupportsIndirectInputEvents = YES;
				INFOPLIST_KEY_UILaunchScreen_Generation = YES;
				INFOPLIST_KEY_UISupportedInterfaceOrientations_iPad = "UIInterfaceOrientationPortrait UIInterfaceOrientationPortraitUpsideDown UIInterfaceOrientationLandscapeLeft UIInterfaceOrientationLandscapeRight";
				INFOPLIST_KEY_UISupportedInterfaceOrientations_iPhone = "UIInterfaceOrientationPortrait UIInterfaceOrientationLandscapeLeft UIInterfaceOrientationLandscapeRight";
				LD_RUNPATH_SEARCH_PATHS = (
					"$(inherited)",
					"@executable_path/Frameworks",
				);
				MARKETING_VERSION = 1.0;
				PRODUCT_BUNDLE_IDENTIFIER = Tefer.Landmarks;
				PRODUCT_NAME = "$(TARGET_NAME)";
				SWIFT_EMIT_LOC_STRINGS = YES;
				SWIFT_VERSION = 5.0;
				TARGETED_DEVICE_FAMILY = "1,2";
			};
			name = Debug;
		};
		04E4BEDB2BD0DCA0003BA763 /* Release */ = {
			isa = XCBuildConfiguration;
			buildSettings = {
				ALWAYS_EMBED_SWIFT_STANDARD_LIBRARIES = YES;
				ASSETCATALOG_COMPILER_APPICON_NAME = AppIcon;
				ASSETCATALOG_COMPILER_GLOBAL_ACCENT_COLOR_NAME = AccentColor;
				ASSETCATALOG_COMPILER_OPTIMIZATION = "";
				CODE_SIGN_STYLE = Automatic;
				CURRENT_PROJECT_VERSION = 1;
				DEVELOPMENT_ASSET_PATHS = "\"Landmarks/Preview Content\"";
				ENABLE_PREVIEWS = YES;
				GENERATE_INFOPLIST_FILE = YES;
				INFOPLIST_KEY_UIApplicationSceneManifest_Generation = YES;
				INFOPLIST_KEY_UIApplicationSupportsIndirectInputEvents = YES;
				INFOPLIST_KEY_UILaunchScreen_Generation = YES;
				INFOPLIST_KEY_UISupportedInterfaceOrientations_iPad = "UIInterfaceOrientationPortrait UIInterfaceOrientationPortraitUpsideDown UIInterfaceOrientationLandscapeLeft UIInterfaceOrientationLandscapeRight";
				INFOPLIST_KEY_UISupportedInterfaceOrientations_iPhone = "UIInterfaceOrientationPortrait UIInterfaceOrientationLandscapeLeft UIInterfaceOrientationLandscapeRight";
				LD_RUNPATH_SEARCH_PATHS = (
					"$(inherited)",
					"@executable_path/Frameworks",
				);
				MARKETING_VERSION = 1.0;
				PRODUCT_BUNDLE_IDENTIFIER = Tefer.Landmarks;
				PRODUCT_NAME = "$(TARGET_NAME)";
				SWIFT_EMIT_LOC_STRINGS = YES;
				SWIFT_VERSION = 5.0;
				TARGETED_DEVICE_FAMILY = "1,2";
			};
			name = Release;
		};
		04E4BEDD2BD0DCA0003BA763 /* Debug */ = {
			isa = XCBuildConfiguration;
			buildSettings = {
				ALWAYS_EMBED_SWIFT_STANDARD_LIBRARIES = YES;
				BUNDLE_LOADER = "$(TEST_HOST)";
				CODE_SIGN_STYLE = Automatic;
				CURRENT_PROJECT_VERSION = 1;
				GENERATE_INFOPLIST_FILE = YES;
				IPHONEOS_DEPLOYMENT_TARGET = 17.4;
				MARKETING_VERSION = 1.0;
				PRODUCT_BUNDLE_IDENTIFIER = Tefer.LandmarksTests;
				PRODUCT_NAME = "$(TARGET_NAME)";
				SWIFT_EMIT_LOC_STRINGS = NO;
				SWIFT_VERSION = 5.0;
				TARGETED_DEVICE_FAMILY = "1,2";
				TEST_HOST = "$(BUILT_PRODUCTS_DIR)/Landmarks.app/$(BUNDLE_EXECUTABLE_FOLDER_PATH)/Landmarks";
			};
			name = Debug;
		};
		04E4BEDE2BD0DCA0003BA763 /* Release */ = {
			isa = XCBuildConfiguration;
			buildSettings = {
				ALWAYS_EMBED_SWIFT_STANDARD_LIBRARIES = YES;
				BUNDLE_LOADER = "$(TEST_HOST)";
				CODE_SIGN_STYLE = Automatic;
				CURRENT_PROJECT_VERSION = 1;
				GENERATE_INFOPLIST_FILE = YES;
				IPHONEOS_DEPLOYMENT_TARGET = 17.4;
				MARKETING_VERSION = 1.0;
				PRODUCT_BUNDLE_IDENTIFIER = Tefer.LandmarksTests;
				PRODUCT_NAME = "$(TARGET_NAME)";
				SWIFT_EMIT_LOC_STRINGS = NO;
				SWIFT_VERSION = 5.0;
				TARGETED_DEVICE_FAMILY = "1,2";
				TEST_HOST = "$(BUILT_PRODUCTS_DIR)/Landmarks.app/$(BUNDLE_EXECUTABLE_FOLDER_PATH)/Landmarks";
			};
			name = Release;
		};
		04E4BEE02BD0DCA0003BA763 /* Debug */ = {
			isa = XCBuildConfiguration;
			buildSettings = {
				ALWAYS_EMBED_SWIFT_STANDARD_LIBRARIES = YES;
				CODE_SIGN_STYLE = Automatic;
				CURRENT_PROJECT_VERSION = 1;
				GENERATE_INFOPLIST_FILE = YES;
				MARKETING_VERSION = 1.0;
				PRODUCT_BUNDLE_IDENTIFIER = Tefer.LandmarksUITests;
				PRODUCT_NAME = "$(TARGET_NAME)";
				SWIFT_EMIT_LOC_STRINGS = NO;
				SWIFT_VERSION = 5.0;
				TARGETED_DEVICE_FAMILY = "1,2";
				TEST_TARGET_NAME = Landmarks;
			};
			name = Debug;
		};
		04E4BEE12BD0DCA0003BA763 /* Release */ = {
			isa = XCBuildConfiguration;
			buildSettings = {
				ALWAYS_EMBED_SWIFT_STANDARD_LIBRARIES = YES;
				CODE_SIGN_STYLE = Automatic;
				CURRENT_PROJECT_VERSION = 1;
				GENERATE_INFOPLIST_FILE = YES;
				MARKETING_VERSION = 1.0;
				PRODUCT_BUNDLE_IDENTIFIER = Tefer.LandmarksUITests;
				PRODUCT_NAME = "$(TARGET_NAME)";
				SWIFT_EMIT_LOC_STRINGS = NO;
				SWIFT_VERSION = 5.0;
				TARGETED_DEVICE_FAMILY = "1,2";
				TEST_TARGET_NAME = Landmarks;
			};
			name = Release;
		};
/* End XCBuildConfiguration section */

/* Begin XCConfigurationList section */
		0431BFCF2BDB3B6600089AA4 /* Build configuration list for PBXNativeTarget "WatchLandmarks Watch App" */ = {
			isa = XCConfigurationList;
			buildConfigurations = (
				0431BFCD2BDB3B6600089AA4 /* Debug */,
				0431BFCE2BDB3B6600089AA4 /* Release */,
			);
			defaultConfigurationIsVisible = 0;
			defaultConfigurationName = Release;
		};
		0431BFF32BDB44BA00089AA4 /* Build configuration list for PBXNativeTarget "MacLandmarks" */ = {
			isa = XCConfigurationList;
			buildConfigurations = (
				0431BFF42BDB44BA00089AA4 /* Debug */,
				0431BFF52BDB44BA00089AA4 /* Release */,
			);
			defaultConfigurationIsVisible = 0;
			defaultConfigurationName = Release;
		};
		04E4BEB02BD0DC9E003BA763 /* Build configuration list for PBXProject "Landmarks" */ = {
			isa = XCConfigurationList;
			buildConfigurations = (
				04E4BED72BD0DCA0003BA763 /* Debug */,
				04E4BED82BD0DCA0003BA763 /* Release */,
			);
			defaultConfigurationIsVisible = 0;
			defaultConfigurationName = Release;
		};
		04E4BED92BD0DCA0003BA763 /* Build configuration list for PBXNativeTarget "Landmarks" */ = {
			isa = XCConfigurationList;
			buildConfigurations = (
				04E4BEDA2BD0DCA0003BA763 /* Debug */,
				04E4BEDB2BD0DCA0003BA763 /* Release */,
			);
			defaultConfigurationIsVisible = 0;
			defaultConfigurationName = Release;
		};
		04E4BEDC2BD0DCA0003BA763 /* Build configuration list for PBXNativeTarget "LandmarksTests" */ = {
			isa = XCConfigurationList;
			buildConfigurations = (
				04E4BEDD2BD0DCA0003BA763 /* Debug */,
				04E4BEDE2BD0DCA0003BA763 /* Release */,
			);
			defaultConfigurationIsVisible = 0;
			defaultConfigurationName = Release;
		};
		04E4BEDF2BD0DCA0003BA763 /* Build configuration list for PBXNativeTarget "LandmarksUITests" */ = {
			isa = XCConfigurationList;
			buildConfigurations = (
				04E4BEE02BD0DCA0003BA763 /* Debug */,
				04E4BEE12BD0DCA0003BA763 /* Release */,
			);
			defaultConfigurationIsVisible = 0;
			defaultConfigurationName = Release;
		};
/* End XCConfigurationList section */
	};
	rootObject = 04E4BEAD2BD0DC9E003BA763 /* Project object */;
}
